
Microsoft Visual Studio Solution File, Format Version 12.00
# Visual Studio 14
VisualStudioVersion = 14.0.25420.1
MinimumVisualStudioVersion = 10.0.40219.1
Project("{FAE04EC0-301F-11D3-BF4B-00C04F79EFBC}") = "GPSAlarm", "GPSAlarm\GPSAlarm.csproj", "{CDF9AD82-D84C-405E-AD45-CF276270ED31}"
EndProject
Global
	GlobalSection(SolutionConfigurationPlatforms) = preSolution
		Debug|Any CPU = Debug|Any CPU
		Debug|ARM = Debug|ARM
		Debug|x86 = Debug|x86
		Release|Any CPU = Release|Any CPU
		Release|ARM = Release|ARM
		Release|x86 = Release|x86
	EndGlobalSection
	GlobalSection(ProjectConfigurationPlatforms) = postSolution
		{CDF9AD82-D84C-405E-AD45-CF276270ED31}.Debug|Any CPU.ActiveCfg = Debug|Any CPU
		{CDF9AD82-D84C-405E-AD45-CF276270ED31}.Debug|Any CPU.Build.0 = Debug|Any CPU
		{CDF9AD82-D84C-405E-AD45-CF276270ED31}.Debug|Any CPU.Deploy.0 = Debug|Any CPU
		{CDF9AD82-D84C-405E-AD45-CF276270ED31}.Debug|ARM.ActiveCfg = Debug|ARM
		{CDF9AD82-D84C-405E-AD45-CF276270ED31}.Debug|ARM.Build.0 = Debug|ARM
		{CDF9AD82-D84C-405E-AD45-CF276270ED31}.Debug|ARM.Deploy.0 = Debug|ARM
		{CDF9AD82-D84C-405E-AD45-CF276270ED31}.Debug|x86.ActiveCfg = Debug|x86
		{CDF9AD82-D84C-405E-AD45-CF276270ED31}.Debug|x86.Build.0 = Debug|x86
		{CDF9AD82-D84C-405E-AD45-CF276270ED31}.Debug|x86.Deploy.0 = Debug|x86
		{CDF9AD82-D84C-405E-AD45-CF276270ED31}.Release|Any CPU.ActiveCfg = Release|Any CPU
		{CDF9AD82-D84C-405E-AD45-CF276270ED31}.Release|Any CPU.Build.0 = Release|Any CPU
		{CDF9AD82-D84C-405E-AD45-CF276270ED31}.Release|Any CPU.Deploy.0 = Release|Any CPU
		{CDF9AD82-D84C-405E-AD45-CF276270ED31}.Release|ARM.ActiveCfg = Release|ARM
		{CDF9AD82-D84C-405E-AD45-CF276270ED31}.Release|ARM.Build.0 = Release|ARM
		{CDF9AD82-D84C-405E-AD45-CF276270ED31}.Release|ARM.Deploy.0 = Release|ARM
		{CDF9AD82-D84C-405E-AD45-CF276270ED31}.Release|x86.ActiveCfg = Release|x86
		{CDF9AD82-D84C-405E-AD45-CF276270ED31}.Release|x86.Build.0 = Release|x86
		{CDF9AD82-D84C-405E-AD45-CF276270ED31}.Release|x86.Deploy.0 = Release|x86
	EndGlobalSection
	GlobalSection(SolutionProperties) = preSolution
		HideSolutionNode = FALSE
	EndGlobalSection
EndGlobal
